
Microsoft Visual Studio Solution File, Format Version 12.00
# Visual Studio 2013
VisualStudioVersion = 12.0.31101.0
MinimumVisualStudioVersion = 10.0.40219.1
Project("{FAE04EC0-301F-11D3-BF4B-00C04F79EFBC}") = "ArduinoTTS", "ArduinoTTS\ArduinoTTS.csproj", "{8DA75855-9D4C-49DD-88A2-B3C81912189B}"
EndProject
Global
	GlobalSection(SolutionConfigurationPlatforms) = preSolution
		Debug|Any CPU = Debug|Any CPU
		Release|Any CPU = Release|Any CPU
	EndGlobalSection
	GlobalSection(ProjectConfigurationPlatforms) = postSolution
		{8DA75855-9D4C-49DD-88A2-B3C81912189B}.Debug|Any CPU.ActiveCfg = Debug|Any CPU
		{8DA75855-9D4C-49DD-88A2-B3C81912189B}.Debug|Any CPU.Build.0 = Debug|Any CPU
		{8DA75855-9D4C-49DD-88A2-B3C81912189B}.Release|Any CPU.ActiveCfg = Release|Any CPU
		{8DA75855-9D4C-49DD-88A2-B3C81912189B}.Release|Any CPU.Build.0 = Release|Any CPU
	EndGlobalSection
	GlobalSection(SolutionProperties) = preSolution
		HideSolutionNode = FALSE
	EndGlobalSection
EndGlobal
